// !$*UTF8*$!
{
	archiveVersion = 1;
	classes = {
	};
	objectVersion = 46;
	objects = {

/* Begin PBXBuildFile section */
		FFFF4591151D019D007ACD71 /* UIKit.framework in Frameworks */ = {isa = PBXBuildFile; fileRef = FFFF4590151D019D007ACD71 /* UIKit.framework */; };
		FFFF4593151D019D007ACD71 /* Foundation.framework in Frameworks */ = {isa = PBXBuildFile; fileRef = FFFF4592151D019D007ACD71 /* Foundation.framework */; };
		FFFF4595151D019D007ACD71 /* CoreGraphics.framework in Frameworks */ = {isa = PBXBuildFile; fileRef = FFFF4594151D019D007ACD71 /* CoreGraphics.framework */; };
		FFFF459B151D019D007ACD71 /* InfoPlist.strings in Resources */ = {isa = PBXBuildFile; fileRef = FFFF4599151D019D007ACD71 /* InfoPlist.strings */; };
		FFFF459D151D019D007ACD71 /* main.m in Sources */ = {isa = PBXBuildFile; fileRef = FFFF459C151D019D007ACD71 /* main.m */; };
		FFFF45A1151D019D007ACD71 /* FLAppDelegate.m in Sources */ = {isa = PBXBuildFile; fileRef = FFFF45A0151D019D007ACD71 /* FLAppDelegate.m */; };
		FFFF45A4151D019D007ACD71 /* FLMasterViewController.m in Sources */ = {isa = PBXBuildFile; fileRef = FFFF45A3151D019D007ACD71 /* FLMasterViewController.m */; };
		FFFF45A7151D019D007ACD71 /* FLDetailViewController.m in Sources */ = {isa = PBXBuildFile; fileRef = FFFF45A6151D019D007ACD71 /* FLDetailViewController.m */; };
		FFFF45AA151D019D007ACD71 /* FLMasterViewController_iPhone.xib in Resources */ = {isa = PBXBuildFile; fileRef = FFFF45A8151D019D007ACD71 /* FLMasterViewController_iPhone.xib */; };
		FFFF45AD151D019D007ACD71 /* FLMasterViewController_iPad.xib in Resources */ = {isa = PBXBuildFile; fileRef = FFFF45AB151D019D007ACD71 /* FLMasterViewController_iPad.xib */; };
		FFFF45B0151D019D007ACD71 /* FLDetailViewController_iPhone.xib in Resources */ = {isa = PBXBuildFile; fileRef = FFFF45AE151D019D007ACD71 /* FLDetailViewController_iPhone.xib */; };
		FFFF45B3151D019D007ACD71 /* FLDetailViewController_iPad.xib in Resources */ = {isa = PBXBuildFile; fileRef = FFFF45B1151D019D007ACD71 /* FLDetailViewController_iPad.xib */; };
		FFFF45C0151D0C87007ACD71 /* FLBugKit.m in Sources */ = {isa = PBXBuildFile; fileRef = FFFF45BB151D0C87007ACD71 /* FLBugKit.m */; };
		FFFF45C1151D0C87007ACD71 /* UISplitViewController+FLBugKit.m in Sources */ = {isa = PBXBuildFile; fileRef = FFFF45BD151D0C87007ACD71 /* UISplitViewController+FLBugKit.m */; };
		FFFF45C2151D0C87007ACD71 /* UIViewController+FLBugKit.m in Sources */ = {isa = PBXBuildFile; fileRef = FFFF45BF151D0C87007ACD71 /* UIViewController+FLBugKit.m */; };
		FFFF45C4151D1047007ACD71 /* MessageUI.framework in Frameworks */ = {isa = PBXBuildFile; fileRef = FFFF45C3151D1047007ACD71 /* MessageUI.framework */; };
/* End PBXBuildFile section */

/* Begin PBXFileReference section */
		FFFF458C151D019D007ACD71 /* FLBugKitDemo.app */ = {isa = PBXFileReference; explicitFileType = wrapper.application; includeInIndex = 0; path = FLBugKitDemo.app; sourceTree = BUILT_PRODUCTS_DIR; };
		FFFF4590151D019D007ACD71 /* UIKit.framework */ = {isa = PBXFileReference; lastKnownFileType = wrapper.framework; name = UIKit.framework; path = System/Library/Frameworks/UIKit.framework; sourceTree = SDKROOT; };
		FFFF4592151D019D007ACD71 /* Foundation.framework */ = {isa = PBXFileReference; lastKnownFileType = wrapper.framework; name = Foundation.framework; path = System/Library/Frameworks/Foundation.framework; sourceTree = SDKROOT; };
		FFFF4594151D019D007ACD71 /* CoreGraphics.framework */ = {isa = PBXFileReference; lastKnownFileType = wrapper.framework; name = CoreGraphics.framework; path = System/Library/Frameworks/CoreGraphics.framework; sourceTree = SDKROOT; };
		FFFF4598151D019D007ACD71 /* FLBugKitDemo-Info.plist */ = {isa = PBXFileReference; lastKnownFileType = text.plist.xml; path = "FLBugKitDemo-Info.plist"; sourceTree = "<group>"; };
		FFFF459A151D019D007ACD71 /* en */ = {isa = PBXFileReference; lastKnownFileType = text.plist.strings; name = en; path = en.lproj/InfoPlist.strings; sourceTree = "<group>"; };
		FFFF459C151D019D007ACD71 /* main.m */ = {isa = PBXFileReference; lastKnownFileType = sourcecode.c.objc; path = main.m; sourceTree = "<group>"; };
		FFFF459E151D019D007ACD71 /* FLBugKitDemo-Prefix.pch */ = {isa = PBXFileReference; lastKnownFileType = sourcecode.c.h; path = "FLBugKitDemo-Prefix.pch"; sourceTree = "<group>"; };
		FFFF459F151D019D007ACD71 /* FLAppDelegate.h */ = {isa = PBXFileReference; lastKnownFileType = sourcecode.c.h; path = FLAppDelegate.h; sourceTree = "<group>"; };
		FFFF45A0151D019D007ACD71 /* FLAppDelegate.m */ = {isa = PBXFileReference; lastKnownFileType = sourcecode.c.objc; path = FLAppDelegate.m; sourceTree = "<group>"; };
		FFFF45A2151D019D007ACD71 /* FLMasterViewController.h */ = {isa = PBXFileReference; lastKnownFileType = sourcecode.c.h; path = FLMasterViewController.h; sourceTree = "<group>"; };
		FFFF45A3151D019D007ACD71 /* FLMasterViewController.m */ = {isa = PBXFileReference; lastKnownFileType = sourcecode.c.objc; path = FLMasterViewController.m; sourceTree = "<group>"; };
		FFFF45A5151D019D007ACD71 /* FLDetailViewController.h */ = {isa = PBXFileReference; lastKnownFileType = sourcecode.c.h; path = FLDetailViewController.h; sourceTree = "<group>"; };
		FFFF45A6151D019D007ACD71 /* FLDetailViewController.m */ = {isa = PBXFileReference; lastKnownFileType = sourcecode.c.objc; path = FLDetailViewController.m; sourceTree = "<group>"; };
		FFFF45A9151D019D007ACD71 /* en */ = {isa = PBXFileReference; lastKnownFileType = file.xib; name = en; path = en.lproj/FLMasterViewController_iPhone.xib; sourceTree = "<group>"; };
		FFFF45AC151D019D007ACD71 /* en */ = {isa = PBXFileReference; lastKnownFileType = file.xib; name = en; path = en.lproj/FLMasterViewController_iPad.xib; sourceTree = "<group>"; };
		FFFF45AF151D019D007ACD71 /* en */ = {isa = PBXFileReference; lastKnownFileType = file.xib; name = en; path = en.lproj/FLDetailViewController_iPhone.xib; sourceTree = "<group>"; };
		FFFF45B2151D019D007ACD71 /* en */ = {isa = PBXFileReference; lastKnownFileType = file.xib; name = en; path = en.lproj/FLDetailViewController_iPad.xib; sourceTree = "<group>"; };
		FFFF45BA151D0C87007ACD71 /* FLBugKit.h */ = {isa = PBXFileReference; fileEncoding = 4; lastKnownFileType = sourcecode.c.h; name = FLBugKit.h; path = ../../../src/FLBugKit.h; sourceTree = "<group>"; };
		FFFF45BB151D0C87007ACD71 /* FLBugKit.m */ = {isa = PBXFileReference; fileEncoding = 4; lastKnownFileType = sourcecode.c.objc; name = FLBugKit.m; path = ../../../src/FLBugKit.m; sourceTree = "<group>"; };
		FFFF45BC151D0C87007ACD71 /* UISplitViewController+FLBugKit.h */ = {isa = PBXFileReference; fileEncoding = 4; lastKnownFileType = sourcecode.c.h; name = "UISplitViewController+FLBugKit.h"; path = "../../../src/UISplitViewController+FLBugKit.h"; sourceTree = "<group>"; };
		FFFF45BD151D0C87007ACD71 /* UISplitViewController+FLBugKit.m */ = {isa = PBXFileReference; fileEncoding = 4; lastKnownFileType = sourcecode.c.objc; name = "UISplitViewController+FLBugKit.m"; path = "../../../src/UISplitViewController+FLBugKit.m"; sourceTree = "<group>"; };
		FFFF45BE151D0C87007ACD71 /* UIViewController+FLBugKit.h */ = {isa = PBXFileReference; fileEncoding = 4; lastKnownFileType = sourcecode.c.h; name = "UIViewController+FLBugKit.h"; path = "../../../src/UIViewController+FLBugKit.h"; sourceTree = "<group>"; };
		FFFF45BF151D0C87007ACD71 /* UIViewController+FLBugKit.m */ = {isa = PBXFileReference; fileEncoding = 4; lastKnownFileType = sourcecode.c.objc; name = "UIViewController+FLBugKit.m"; path = "../../../src/UIViewController+FLBugKit.m"; sourceTree = "<group>"; };
		FFFF45C3151D1047007ACD71 /* MessageUI.framework */ = {isa = PBXFileReference; lastKnownFileType = wrapper.framework; name = MessageUI.framework; path = System/Library/Frameworks/MessageUI.framework; sourceTree = SDKROOT; };
/* End PBXFileReference section */

/* Begin PBXFrameworksBuildPhase section */
		FFFF4589151D019D007ACD71 /* Frameworks */ = {
			isa = PBXFrameworksBuildPhase;
			buildActionMask = 2147483647;
			files = (
				FFFF45C4151D1047007ACD71 /* MessageUI.framework in Frameworks */,
				FFFF4591151D019D007ACD71 /* UIKit.framework in Frameworks */,
				FFFF4593151D019D007ACD71 /* Foundation.framework in Frameworks */,
				FFFF4595151D019D007ACD71 /* CoreGraphics.framework in Frameworks */,
			);
			runOnlyForDeploymentPostprocessing = 0;
		};
/* End PBXFrameworksBuildPhase section */

/* Begin PBXGroup section */
		FFFF4581151D019D007ACD71 = {
			isa = PBXGroup;
			children = (
				FFFF4596151D019D007ACD71 /* FLBugKitDemo */,
				FFFF458F151D019D007ACD71 /* Frameworks */,
				FFFF458D151D019D007ACD71 /* Products */,
			);
			sourceTree = "<group>";
		};
		FFFF458D151D019D007ACD71 /* Products */ = {
			isa = PBXGroup;
			children = (
				FFFF458C151D019D007ACD71 /* FLBugKitDemo.app */,
			);
			name = Products;
			sourceTree = "<group>";
		};
		FFFF458F151D019D007ACD71 /* Frameworks */ = {
			isa = PBXGroup;
			children = (
				FFFF45C3151D1047007ACD71 /* MessageUI.framework */,
				FFFF4590151D019D007ACD71 /* UIKit.framework */,
				FFFF4592151D019D007ACD71 /* Foundation.framework */,
				FFFF4594151D019D007ACD71 /* CoreGraphics.framework */,
			);
			name = Frameworks;
			sourceTree = "<group>";
		};
		FFFF4596151D019D007ACD71 /* FLBugKitDemo */ = {
			isa = PBXGroup;
			children = (
				FFFF45B9151D0C6A007ACD71 /* FLBugKit */,
				FFFF459F151D019D007ACD71 /* FLAppDelegate.h */,
				FFFF45A0151D019D007ACD71 /* FLAppDelegate.m */,
				FFFF45A2151D019D007ACD71 /* FLMasterViewController.h */,
				FFFF45A3151D019D007ACD71 /* FLMasterViewController.m */,
				FFFF45A5151D019D007ACD71 /* FLDetailViewController.h */,
				FFFF45A6151D019D007ACD71 /* FLDetailViewController.m */,
				FFFF45A8151D019D007ACD71 /* FLMasterViewController_iPhone.xib */,
				FFFF45AB151D019D007ACD71 /* FLMasterViewController_iPad.xib */,
				FFFF45AE151D019D007ACD71 /* FLDetailViewController_iPhone.xib */,
				FFFF45B1151D019D007ACD71 /* FLDetailViewController_iPad.xib */,
				FFFF4597151D019D007ACD71 /* Supporting Files */,
			);
			path = FLBugKitDemo;
			sourceTree = "<group>";
		};
		FFFF4597151D019D007ACD71 /* Supporting Files */ = {
			isa = PBXGroup;
			children = (
				FFFF4598151D019D007ACD71 /* FLBugKitDemo-Info.plist */,
				FFFF4599151D019D007ACD71 /* InfoPlist.strings */,
				FFFF459C151D019D007ACD71 /* main.m */,
				FFFF459E151D019D007ACD71 /* FLBugKitDemo-Prefix.pch */,
			);
			name = "Supporting Files";
			sourceTree = "<group>";
		};
		FFFF45B9151D0C6A007ACD71 /* FLBugKit */ = {
			isa = PBXGroup;
			children = (
				FFFF45BA151D0C87007ACD71 /* FLBugKit.h */,
				FFFF45BB151D0C87007ACD71 /* FLBugKit.m */,
				FFFF45BC151D0C87007ACD71 /* UISplitViewController+FLBugKit.h */,
				FFFF45BD151D0C87007ACD71 /* UISplitViewController+FLBugKit.m */,
				FFFF45BE151D0C87007ACD71 /* UIViewController+FLBugKit.h */,
				FFFF45BF151D0C87007ACD71 /* UIViewController+FLBugKit.m */,
			);
			name = FLBugKit;
			sourceTree = "<group>";
		};
/* End PBXGroup section */

/* Begin PBXNativeTarget section */
		FFFF458B151D019D007ACD71 /* FLBugKitDemo */ = {
			isa = PBXNativeTarget;
			buildConfigurationList = FFFF45B6151D019D007ACD71 /* Build configuration list for PBXNativeTarget "FLBugKitDemo" */;
			buildPhases = (
				FFFF4588151D019D007ACD71 /* Sources */,
				FFFF4589151D019D007ACD71 /* Frameworks */,
				FFFF458A151D019D007ACD71 /* Resources */,
			);
			buildRules = (
			);
			dependencies = (
			);
			name = FLBugKitDemo;
			productName = FLBugKitDemo;
			productReference = FFFF458C151D019D007ACD71 /* FLBugKitDemo.app */;
			productType = "com.apple.product-type.application";
		};
/* End PBXNativeTarget section */

/* Begin PBXProject section */
		FFFF4583151D019D007ACD71 /* Project object */ = {
			isa = PBXProject;
			attributes = {
				CLASSPREFIX = FL;
				LastUpgradeCheck = 0430;
				ORGANIZATIONNAME = Evan;
			};
			buildConfigurationList = FFFF4586151D019D007ACD71 /* Build configuration list for PBXProject "FLBugKitDemo" */;
			compatibilityVersion = "Xcode 3.2";
			developmentRegion = English;
			hasScannedForEncodings = 0;
			knownRegions = (
				en,
			);
			mainGroup = FFFF4581151D019D007ACD71;
			productRefGroup = FFFF458D151D019D007ACD71 /* Products */;
			projectDirPath = "";
			projectRoot = "";
			targets = (
				FFFF458B151D019D007ACD71 /* FLBugKitDemo */,
			);
		};
/* End PBXProject section */

/* Begin PBXResourcesBuildPhase section */
		FFFF458A151D019D007ACD71 /* Resources */ = {
			isa = PBXResourcesBuildPhase;
			buildActionMask = 2147483647;
			files = (
				FFFF459B151D019D007ACD71 /* InfoPlist.strings in Resources */,
				FFFF45AA151D019D007ACD71 /* FLMasterViewController_iPhone.xib in Resources */,
				FFFF45AD151D019D007ACD71 /* FLMasterViewController_iPad.xib in Resources */,
				FFFF45B0151D019D007ACD71 /* FLDetailViewController_iPhone.xib in Resources */,
				FFFF45B3151D019D007ACD71 /* FLDetailViewController_iPad.xib in Resources */,
			);
			runOnlyForDeploymentPostprocessing = 0;
		};
/* End PBXResourcesBuildPhase section */

/* Begin PBXSourcesBuildPhase section */
		FFFF4588151D019D007ACD71 /* Sources */ = {
			isa = PBXSourcesBuildPhase;
			buildActionMask = 2147483647;
			files = (
				FFFF459D151D019D007ACD71 /* main.m in Sources */,
				FFFF45A1151D019D007ACD71 /* FLAppDelegate.m in Sources */,
				FFFF45A4151D019D007ACD71 /* FLMasterViewController.m in Sources */,
				FFFF45A7151D019D007ACD71 /* FLDetailViewController.m in Sources */,
				FFFF45C0151D0C87007ACD71 /* FLBugKit.m in Sources */,
				FFFF45C1151D0C87007ACD71 /* UISplitViewController+FLBugKit.m in Sources */,
				FFFF45C2151D0C87007ACD71 /* UIViewController+FLBugKit.m in Sources */,
			);
			runOnlyForDeploymentPostprocessing = 0;
		};
/* End PBXSourcesBuildPhase section */

/* Begin PBXVariantGroup section */
		FFFF4599151D019D007ACD71 /* InfoPlist.strings */ = {
			isa = PBXVariantGroup;
			children = (
				FFFF459A151D019D007ACD71 /* en */,
			);
			name = InfoPlist.strings;
			sourceTree = "<group>";
		};
		FFFF45A8151D019D007ACD71 /* FLMasterViewController_iPhone.xib */ = {
			isa = PBXVariantGroup;
			children = (
				FFFF45A9151D019D007ACD71 /* en */,
			);
			name = FLMasterViewController_iPhone.xib;
			sourceTree = "<group>";
		};
		FFFF45AB151D019D007ACD71 /* FLMasterViewController_iPad.xib */ = {
			isa = PBXVariantGroup;
			children = (
				FFFF45AC151D019D007ACD71 /* en */,
			);
			name = FLMasterViewController_iPad.xib;
			sourceTree = "<group>";
		};
		FFFF45AE151D019D007ACD71 /* FLDetailViewController_iPhone.xib */ = {
			isa = PBXVariantGroup;
			children = (
				FFFF45AF151D019D007ACD71 /* en */,
			);
			name = FLDetailViewController_iPhone.xib;
			sourceTree = "<group>";
		};
		FFFF45B1151D019D007ACD71 /* FLDetailViewController_iPad.xib */ = {
			isa = PBXVariantGroup;
			children = (
				FFFF45B2151D019D007ACD71 /* en */,
			);
			name = FLDetailViewController_iPad.xib;
			sourceTree = "<group>";
		};
/* End PBXVariantGroup section */

/* Begin XCBuildConfiguration section */
		FFFF45B4151D019D007ACD71 /* Debug */ = {
			isa = XCBuildConfiguration;
			buildSettings = {
				ALWAYS_SEARCH_USER_PATHS = NO;
				ARCHS = "$(ARCHS_STANDARD_32_BIT)";
				"CODE_SIGN_IDENTITY[sdk=iphoneos*]" = "iPhone Developer";
				COPY_PHASE_STRIP = NO;
				GCC_C_LANGUAGE_STANDARD = gnu99;
				GCC_DYNAMIC_NO_PIC = NO;
				GCC_OPTIMIZATION_LEVEL = 0;
				GCC_PREPROCESSOR_DEFINITIONS = (
					"DEBUG=1",
					"$(inherited)",
				);
				GCC_SYMBOLS_PRIVATE_EXTERN = NO;
				GCC_VERSION = com.apple.compilers.llvm.clang.1_0;
				GCC_WARN_ABOUT_RETURN_TYPE = YES;
				GCC_WARN_UNINITIALIZED_AUTOS = YES;
				GCC_WARN_UNUSED_VARIABLE = YES;
				IPHONEOS_DEPLOYMENT_TARGET = 5.1;
				SDKROOT = iphoneos;
				TARGETED_DEVICE_FAMILY = "1,2";
			};
			name = Debug;
		};
		FFFF45B5151D019D007ACD71 /* Release */ = {
			isa = XCBuildConfiguration;
			buildSettings = {
				ALWAYS_SEARCH_USER_PATHS = NO;
				ARCHS = "$(ARCHS_STANDARD_32_BIT)";
				"CODE_SIGN_IDENTITY[sdk=iphoneos*]" = "iPhone Developer";
				COPY_PHASE_STRIP = YES;
				GCC_C_LANGUAGE_STANDARD = gnu99;
				GCC_VERSION = com.apple.compilers.llvm.clang.1_0;
				GCC_WARN_ABOUT_RETURN_TYPE = YES;
				GCC_WARN_UNINITIALIZED_AUTOS = YES;
				GCC_WARN_UNUSED_VARIABLE = YES;
				IPHONEOS_DEPLOYMENT_TARGET = 5.1;
				OTHER_CFLAGS = "-DNS_BLOCK_ASSERTIONS=1";
				SDKROOT = iphoneos;
				TARGETED_DEVICE_FAMILY = "1,2";
				VALIDATE_PRODUCT = YES;
			};
			name = Release;
		};
		FFFF45B7151D019D007ACD71 /* Debug */ = {
			isa = XCBuildConfiguration;
			buildSettings = {
				GCC_PRECOMPILE_PREFIX_HEADER = YES;
				GCC_PREFIX_HEADER = "FLBugKitDemo/FLBugKitDemo-Prefix.pch";
				INFOPLIST_FILE = "FLBugKitDemo/FLBugKitDemo-Info.plist";
				IPHONEOS_DEPLOYMENT_TARGET = 5.0;
				PRODUCT_NAME = "$(TARGET_NAME)";
				WRAPPER_EXTENSION = app;
			};
			name = Debug;
		};
		FFFF45B8151D019D007ACD71 /* Release */ = {
			isa = XCBuildConfiguration;
			buildSettings = {
				GCC_PRECOMPILE_PREFIX_HEADER = YES;
				GCC_PREFIX_HEADER = "FLBugKitDemo/FLBugKitDemo-Prefix.pch";
				INFOPLIST_FILE = "FLBugKitDemo/FLBugKitDemo-Info.plist";
				IPHONEOS_DEPLOYMENT_TARGET = 5.0;
				PRODUCT_NAME = "$(TARGET_NAME)";
				WRAPPER_EXTENSION = app;
			};
			name = Release;
		};
/* End XCBuildConfiguration section */

/* Begin XCConfigurationList section */
		FFFF4586151D019D007ACD71 /* Build configuration list for PBXProject "FLBugKitDemo" */ = {
			isa = XCConfigurationList;
			buildConfigurations = (
				FFFF45B4151D019D007ACD71 /* Debug */,
				FFFF45B5151D019D007ACD71 /* Release */,
			);
			defaultConfigurationIsVisible = 0;
			defaultConfigurationName = Release;
		};
		FFFF45B6151D019D007ACD71 /* Build configuration list for PBXNativeTarget "FLBugKitDemo" */ = {
			isa = XCConfigurationList;
			buildConfigurations = (
				FFFF45B7151D019D007ACD71 /* Debug */,
				FFFF45B8151D019D007ACD71 /* Release */,
			);
			defaultConfigurationIsVisible = 0;
		};
/* End XCConfigurationList section */
	};
	rootObject = FFFF4583151D019D007ACD71 /* Project object */;
}
